
Microsoft Visual Studio Solution File, Format Version 12.00
# Visual Studio Version 17
VisualStudioVersion = 17.4.33213.308
MinimumVisualStudioVersion = 10.0.40219.1
Project("{FAE04EC0-301F-11D3-BF4B-00C04F79EFBC}") = "EmployeeOPP_AppServWeb", "EmployeeOPP_AppServWeb\EmployeeOPP_AppServWeb.csproj", "{16F390F2-8BED-4C71-9659-4197C8A2EA45}"
EndProject
Global
	GlobalSection(SolutionConfigurationPlatforms) = preSolution
		Debug|Any CPU = Debug|Any CPU
		Release|Any CPU = Release|Any CPU
	EndGlobalSection
	GlobalSection(ProjectConfigurationPlatforms) = postSolution
		{16F390F2-8BED-4C71-9659-4197C8A2EA45}.Debug|Any CPU.ActiveCfg = Debug|Any CPU
		{16F390F2-8BED-4C71-9659-4197C8A2EA45}.Debug|Any CPU.Build.0 = Debug|Any CPU
		{16F390F2-8BED-4C71-9659-4197C8A2EA45}.Release|Any CPU.ActiveCfg = Release|Any CPU
		{16F390F2-8BED-4C71-9659-4197C8A2EA45}.Release|Any CPU.Build.0 = Release|Any CPU
	EndGlobalSection
	GlobalSection(SolutionProperties) = preSolution
		HideSolutionNode = FALSE
	EndGlobalSection
	GlobalSection(ExtensibilityGlobals) = postSolution
		SolutionGuid = {CEDC0E27-8978-4201-B0A3-FCF1EC05E29B}
	EndGlobalSection
EndGlobal
